
Microsoft Visual Studio Solution File, Format Version 12.00
# Visual Studio Version 16
VisualStudioVersion = 16.0.29326.143
MinimumVisualStudioVersion = 10.0.40219.1
Project("{FAE04EC0-301F-11D3-BF4B-00C04F79EFBC}") = "Conclave", "Conclave\Conclave.csproj", "{20693007-3C5F-4D90-845A-CE8841285CB1}"
EndProject
Global
	GlobalSection(SolutionConfigurationPlatforms) = preSolution
		Debug|Any CPU = Debug|Any CPU
		Release|Any CPU = Release|Any CPU
	EndGlobalSection
	GlobalSection(ProjectConfigurationPlatforms) = postSolution
		{20693007-3C5F-4D90-845A-CE8841285CB1}.Debug|Any CPU.ActiveCfg = Debug|Any CPU
		{20693007-3C5F-4D90-845A-CE8841285CB1}.Debug|Any CPU.Build.0 = Debug|Any CPU
		{20693007-3C5F-4D90-845A-CE8841285CB1}.Release|Any CPU.ActiveCfg = Release|Any CPU
		{20693007-3C5F-4D90-845A-CE8841285CB1}.Release|Any CPU.Build.0 = Release|Any CPU
	EndGlobalSection
	GlobalSection(SolutionProperties) = preSolution
		HideSolutionNode = FALSE
	EndGlobalSection
	GlobalSection(ExtensibilityGlobals) = postSolution
		SolutionGuid = {9BB34EEF-73EE-4BCE-87EB-528D32AA55C8}
	EndGlobalSection
EndGlobal
